github.com/lib/pq v1.10.9 h1:YXG7RB+JIjhP29X+OtkiDnYaXQwpS4JEWq7dtCCRUEw=
github.com/lib/pq v1.10.9/go.mod h1:AlVN5x4E4T544tWzH6hKfbfQvm3HdbOxrmggDNAPY9o=
github.com/mvndaai/ctxerr v0.14.0 h1:WHWFch7+jJ0i9Fe5ErIgCgMg/RRe1GJ1P5LGXJ3s1XM=
github.com/mvndaai/ctxerr v0.14.0/go.mod h1:jYy4NrdkkQDrK6cpRkbKqRIEfMMvTYpAiIy3qFnGw7w=
